
Microsoft Visual Studio Solution File, Format Version 12.00
# Visual Studio Version 17
VisualStudioVersion = 17.9.34728.123
MinimumVisualStudioVersion = 10.0.40219.1
Project("{FAE04EC0-301F-11D3-BF4B-00C04F79EFBC}") = "CICD_Demo", "CICD_Demo\CICD_Demo.csproj", "{8EDC8B45-D584-4D65-8AC0-CEDE5D0AE96E}"
EndProject
Global
	GlobalSection(SolutionConfigurationPlatforms) = preSolution
		Debug|Any CPU = Debug|Any CPU
		Release|Any CPU = Release|Any CPU
	EndGlobalSection
	GlobalSection(ProjectConfigurationPlatforms) = postSolution
		{8EDC8B45-D584-4D65-8AC0-CEDE5D0AE96E}.Debug|Any CPU.ActiveCfg = Debug|Any CPU
		{8EDC8B45-D584-4D65-8AC0-CEDE5D0AE96E}.Debug|Any CPU.Build.0 = Debug|Any CPU
		{8EDC8B45-D584-4D65-8AC0-CEDE5D0AE96E}.Release|Any CPU.ActiveCfg = Release|Any CPU
		{8EDC8B45-D584-4D65-8AC0-CEDE5D0AE96E}.Release|Any CPU.Build.0 = Release|Any CPU
	EndGlobalSection
	GlobalSection(SolutionProperties) = preSolution
		HideSolutionNode = FALSE
	EndGlobalSection
	GlobalSection(ExtensibilityGlobals) = postSolution
		SolutionGuid = {F9C12FA9-2849-41DC-940A-60E0CA3EDCFB}
	EndGlobalSection
EndGlobal
